
Microsoft Visual Studio Solution File, Format Version 12.00
# Visual Studio Version 16
VisualStudioVersion = 16.0.30907.101
MinimumVisualStudioVersion = 10.0.40219.1
Project("{FAE04EC0-301F-11D3-BF4B-00C04F79EFBC}") = "JiraTest", "JiraTest\JiraTest.csproj", "{FC301422-0852-41D0-9089-ECE6A44DE939}"
EndProject
Global
	GlobalSection(SolutionConfigurationPlatforms) = preSolution
		Debug|Any CPU = Debug|Any CPU
		Release|Any CPU = Release|Any CPU
	EndGlobalSection
	GlobalSection(ProjectConfigurationPlatforms) = postSolution
		{FC301422-0852-41D0-9089-ECE6A44DE939}.Debug|Any CPU.ActiveCfg = Debug|Any CPU
		{FC301422-0852-41D0-9089-ECE6A44DE939}.Debug|Any CPU.Build.0 = Debug|Any CPU
		{FC301422-0852-41D0-9089-ECE6A44DE939}.Release|Any CPU.ActiveCfg = Release|Any CPU
		{FC301422-0852-41D0-9089-ECE6A44DE939}.Release|Any CPU.Build.0 = Release|Any CPU
	EndGlobalSection
	GlobalSection(SolutionProperties) = preSolution
		HideSolutionNode = FALSE
	EndGlobalSection
	GlobalSection(ExtensibilityGlobals) = postSolution
		SolutionGuid = {998E22B1-AC12-47D0-B3A6-C695C94A9101}
	EndGlobalSection
EndGlobal
